// !$*UTF8*$!
{
	archiveVersion = 1;
	classes = {
	};
	objectVersion = 56;
	objects = {

/* Begin PBXBuildFile section */
		637CD82F2B87157C003287E7 /* RealityKitContent in Frameworks */ = {isa = PBXBuildFile; productRef = 637CD82E2B87157C003287E7 /* RealityKitContent */; };
		637CD8312B87157C003287E7 /* ImmersiveVideoPlayerApp.swift in Sources */ = {isa = PBXBuildFile; fileRef = 637CD8302B87157C003287E7 /* ImmersiveVideoPlayerApp.swift */; };
		637CD8332B87157C003287E7 /* ContentView.swift in Sources */ = {isa = PBXBuildFile; fileRef = 637CD8322B87157C003287E7 /* ContentView.swift */; };
		637CD8352B87157C003287E7 /* ImmersiveView.swift in Sources */ = {isa = PBXBuildFile; fileRef = 637CD8342B87157C003287E7 /* ImmersiveView.swift */; };
		637CD8372B87157C003287E7 /* ImageBasedLighting.skybox in Resources */ = {isa = PBXBuildFile; fileRef = 637CD8362B87157C003287E7 /* ImageBasedLighting.skybox */; };
		637CD8392B87157D003287E7 /* Assets.xcassets in Resources */ = {isa = PBXBuildFile; fileRef = 637CD8382B87157D003287E7 /* Assets.xcassets */; };
		637CD83C2B87157D003287E7 /* Preview Assets.xcassets in Resources */ = {isa = PBXBuildFile; fileRef = 637CD83B2B87157D003287E7 /* Preview Assets.xcassets */; };
		63EB571D2B88574E00FD5666 /* Video.swift in Sources */ = {isa = PBXBuildFile; fileRef = 63EB571C2B88574E00FD5666 /* Video.swift */; };
		63EB57212B8862F400FD5666 /* VideoLibrary.swift in Sources */ = {isa = PBXBuildFile; fileRef = 63EB57202B8862F400FD5666 /* VideoLibrary.swift */; };
/* End PBXBuildFile section */

/* Begin PBXFileReference section */
		637CD8292B87157C003287E7 /* ImmersiveVideoPlayer.app */ = {isa = PBXFileReference; explicitFileType = wrapper.application; includeInIndex = 0; path = ImmersiveVideoPlayer.app; sourceTree = BUILT_PRODUCTS_DIR; };
		637CD82D2B87157C003287E7 /* RealityKitContent */ = {isa = PBXFileReference; lastKnownFileType = wrapper; path = RealityKitContent; sourceTree = "<group>"; };
		637CD8302B87157C003287E7 /* ImmersiveVideoPlayerApp.swift */ = {isa = PBXFileReference; lastKnownFileType = sourcecode.swift; path = ImmersiveVideoPlayerApp.swift; sourceTree = "<group>"; };
		637CD8322B87157C003287E7 /* ContentView.swift */ = {isa = PBXFileReference; lastKnownFileType = sourcecode.swift; path = ContentView.swift; sourceTree = "<group>"; };
		637CD8342B87157C003287E7 /* ImmersiveView.swift */ = {isa = PBXFileReference; lastKnownFileType = sourcecode.swift; path = ImmersiveView.swift; sourceTree = "<group>"; };
		637CD8362B87157C003287E7 /* ImageBasedLighting.skybox */ = {isa = PBXFileReference; lastKnownFileType = file.skybox; path = ImageBasedLighting.skybox; sourceTree = "<group>"; };
		637CD8382B87157D003287E7 /* Assets.xcassets */ = {isa = PBXFileReference; lastKnownFileType = folder.assetcatalog; path = Assets.xcassets; sourceTree = "<group>"; };
		637CD83B2B87157D003287E7 /* Preview Assets.xcassets */ = {isa = PBXFileReference; lastKnownFileType = folder.assetcatalog; path = "Preview Assets.xcassets"; sourceTree = "<group>"; };
		637CD83D2B87157D003287E7 /* Info.plist */ = {isa = PBXFileReference; lastKnownFileType = text.plist.xml; path = Info.plist; sourceTree = "<group>"; };
		63EB571C2B88574E00FD5666 /* Video.swift */ = {isa = PBXFileReference; lastKnownFileType = sourcecode.swift; path = Video.swift; sourceTree = "<group>"; };
		63EB57202B8862F400FD5666 /* VideoLibrary.swift */ = {isa = PBXFileReference; lastKnownFileType = sourcecode.swift; path = VideoLibrary.swift; sourceTree = "<group>"; };
/* End PBXFileReference section */

/* Begin PBXFrameworksBuildPhase section */
		637CD8262B87157C003287E7 /* Frameworks */ = {
			isa = PBXFrameworksBuildPhase;
			buildActionMask = 2147483647;
			files = (
				637CD82F2B87157C003287E7 /* RealityKitContent in Frameworks */,
			);
			runOnlyForDeploymentPostprocessing = 0;
		};
/* End PBXFrameworksBuildPhase section */

/* Begin PBXGroup section */
		637CD8202B87157C003287E7 = {
			isa = PBXGroup;
			children = (
				637CD82B2B87157C003287E7 /* ImmersiveVideoPlayer */,
				637CD82C2B87157C003287E7 /* Packages */,
				637CD82A2B87157C003287E7 /* Products */,
			);
			sourceTree = "<group>";
		};
		637CD82A2B87157C003287E7 /* Products */ = {
			isa = PBXGroup;
			children = (
				637CD8292B87157C003287E7 /* ImmersiveVideoPlayer.app */,
			);
			name = Products;
			sourceTree = "<group>";
		};
		637CD82B2B87157C003287E7 /* ImmersiveVideoPlayer */ = {
			isa = PBXGroup;
			children = (
				637CD8302B87157C003287E7 /* ImmersiveVideoPlayerApp.swift */,
				63EB571B2B88573C00FD5666 /* Models */,
				637CD8322B87157C003287E7 /* ContentView.swift */,
				637CD8342B87157C003287E7 /* ImmersiveView.swift */,
				637CD8362B87157C003287E7 /* ImageBasedLighting.skybox */,
				637CD8382B87157D003287E7 /* Assets.xcassets */,
				637CD83D2B87157D003287E7 /* Info.plist */,
				637CD83A2B87157D003287E7 /* Preview Content */,
			);
			path = ImmersiveVideoPlayer;
			sourceTree = "<group>";
		};
		637CD82C2B87157C003287E7 /* Packages */ = {
			isa = PBXGroup;
			children = (
				637CD82D2B87157C003287E7 /* RealityKitContent */,
			);
			path = Packages;
			sourceTree = "<group>";
		};
		637CD83A2B87157D003287E7 /* Preview Content */ = {
			isa = PBXGroup;
			children = (
				637CD83B2B87157D003287E7 /* Preview Assets.xcassets */,
			);
			path = "Preview Content";
			sourceTree = "<group>";
		};
		63EB571B2B88573C00FD5666 /* Models */ = {
			isa = PBXGroup;
			children = (
				63EB571C2B88574E00FD5666 /* Video.swift */,
				63EB57202B8862F400FD5666 /* VideoLibrary.swift */,
			);
			path = Models;
			sourceTree = "<group>";
		};
/* End PBXGroup section */

/* Begin PBXNativeTarget section */
		637CD8282B87157C003287E7 /* ImmersiveVideoPlayer */ = {
			isa = PBXNativeTarget;
			buildConfigurationList = 637CD8402B87157D003287E7 /* Build configuration list for PBXNativeTarget "ImmersiveVideoPlayer" */;
			buildPhases = (
				637CD8252B87157C003287E7 /* Sources */,
				637CD8262B87157C003287E7 /* Frameworks */,
				637CD8272B87157C003287E7 /* Resources */,
			);
			buildRules = (
			);
			dependencies = (
			);
			name = ImmersiveVideoPlayer;
			packageProductDependencies = (
				637CD82E2B87157C003287E7 /* RealityKitContent */,
			);
			productName = ImmersiveVideoPlayer;
			productReference = 637CD8292B87157C003287E7 /* ImmersiveVideoPlayer.app */;
			productType = "com.apple.product-type.application";
		};
/* End PBXNativeTarget section */

/* Begin PBXProject section */
		637CD8212B87157C003287E7 /* Project object */ = {
			isa = PBXProject;
			attributes = {
				BuildIndependentTargetsInParallel = 1;
				LastSwiftUpdateCheck = 1520;
				LastUpgradeCheck = 1520;
				TargetAttributes = {
					637CD8282B87157C003287E7 = {
						CreatedOnToolsVersion = 15.2;
					};
				};
			};
			buildConfigurationList = 637CD8242B87157C003287E7 /* Build configuration list for PBXProject "ImmersiveVideoPlayer" */;
			compatibilityVersion = "Xcode 14.0";
			developmentRegion = en;
			hasScannedForEncodings = 0;
			knownRegions = (
				en,
				Base,
			);
			mainGroup = 637CD8202B87157C003287E7;
			productRefGroup = 637CD82A2B87157C003287E7 /* Products */;
			projectDirPath = "";
			projectRoot = "";
			targets = (
				637CD8282B87157C003287E7 /* ImmersiveVideoPlayer */,
			);
		};
/* End PBXProject section */

/* Begin PBXResourcesBuildPhase section */
		637CD8272B87157C003287E7 /* Resources */ = {
			isa = PBXResourcesBuildPhase;
			buildActionMask = 2147483647;
			files = (
				637CD8392B87157D003287E7 /* Assets.xcassets in Resources */,
				637CD83C2B87157D003287E7 /* Preview Assets.xcassets in Resources */,
				637CD8372B87157C003287E7 /* ImageBasedLighting.skybox in Resources */,
			);
			runOnlyForDeploymentPostprocessing = 0;
		};
/* End PBXResourcesBuildPhase section */

/* Begin PBXSourcesBuildPhase section */
		637CD8252B87157C003287E7 /* Sources */ = {
			isa = PBXSourcesBuildPhase;
			buildActionMask = 2147483647;
			files = (
				637CD8332B87157C003287E7 /* ContentView.swift in Sources */,
				637CD8312B87157C003287E7 /* ImmersiveVideoPlayerApp.swift in Sources */,
				63EB57212B8862F400FD5666 /* VideoLibrary.swift in Sources */,
				637CD8352B87157C003287E7 /* ImmersiveView.swift in Sources */,
				63EB571D2B88574E00FD5666 /* Video.swift in Sources */,
			);
			runOnlyForDeploymentPostprocessing = 0;
		};
/* End PBXSourcesBuildPhase section */

/* Begin XCBuildConfiguration section */
		637CD83E2B87157D003287E7 /* Debug */ = {
			isa = XCBuildConfiguration;
			buildSettings = {
				ALWAYS_SEARCH_USER_PATHS = NO;
				ASSETCATALOG_COMPILER_GENERATE_SWIFT_ASSET_SYMBOL_EXTENSIONS = YES;
				CLANG_ANALYZER_NONNULL = YES;
				CLANG_ANALYZER_NUMBER_OBJECT_CONVERSION = YES_AGGRESSIVE;
				CLANG_CXX_LANGUAGE_STANDARD = "gnu++20";
				CLANG_ENABLE_MODULES = YES;
				CLANG_ENABLE_OBJC_ARC = YES;
				CLANG_ENABLE_OBJC_WEAK = YES;
				CLANG_WARN_BLOCK_CAPTURE_AUTORELEASING = YES;
				CLANG_WARN_BOOL_CONVERSION = YES;
				CLANG_WARN_COMMA = YES;
				CLANG_WARN_CONSTANT_CONVERSION = YES;
				CLANG_WARN_DEPRECATED_OBJC_IMPLEMENTATIONS = YES;
				CLANG_WARN_DIRECT_OBJC_ISA_USAGE = YES_ERROR;
				CLANG_WARN_DOCUMENTATION_COMMENTS = YES;
				CLANG_WARN_EMPTY_BODY = YES;
				CLANG_WARN_ENUM_CONVERSION = YES;
				CLANG_WARN_INFINITE_RECURSION = YES;
				CLANG_WARN_INT_CONVERSION = YES;
				CLANG_WARN_NON_LITERAL_NULL_CONVERSION = YES;
				CLANG_WARN_OBJC_IMPLICIT_RETAIN_SELF = YES;
				CLANG_WARN_OBJC_LITERAL_CONVERSION = YES;
				CLANG_WARN_OBJC_ROOT_CLASS = YES_ERROR;
				CLANG_WARN_QUOTED_INCLUDE_IN_FRAMEWORK_HEADER = YES;
				CLANG_WARN_RANGE_LOOP_ANALYSIS = YES;
				CLANG_WARN_STRICT_PROTOTYPES = YES;
				CLANG_WARN_SUSPICIOUS_MOVE = YES;
				CLANG_WARN_UNGUARDED_AVAILABILITY = YES_AGGRESSIVE;
				CLANG_WARN_UNREACHABLE_CODE = YES;
				CLANG_WARN__DUPLICATE_METHOD_MATCH = YES;
				COPY_PHASE_STRIP = NO;
				DEBUG_INFORMATION_FORMAT = dwarf;
				ENABLE_STRICT_OBJC_MSGSEND = YES;
				ENABLE_TESTABILITY = YES;
				ENABLE_USER_SCRIPT_SANDBOXING = YES;
				GCC_C_LANGUAGE_STANDARD = gnu17;
				GCC_DYNAMIC_NO_PIC = NO;
				GCC_NO_COMMON_BLOCKS = YES;
				GCC_OPTIMIZATION_LEVEL = 0;
				GCC_PREPROCESSOR_DEFINITIONS = (
					"DEBUG=1",
					"$(inherited)",
				);
				GCC_WARN_64_TO_32_BIT_CONVERSION = YES;
				GCC_WARN_ABOUT_RETURN_TYPE = YES_ERROR;
				GCC_WARN_UNDECLARED_SELECTOR = YES;
				GCC_WARN_UNINITIALIZED_AUTOS = YES_AGGRESSIVE;
				GCC_WARN_UNUSED_FUNCTION = YES;
				GCC_WARN_UNUSED_VARIABLE = YES;
				LOCALIZATION_PREFERS_STRING_CATALOGS = YES;
				MTL_ENABLE_DEBUG_INFO = INCLUDE_SOURCE;
				MTL_FAST_MATH = YES;
				ONLY_ACTIVE_ARCH = YES;
				SDKROOT = xros;
				SWIFT_ACTIVE_COMPILATION_CONDITIONS = "DEBUG $(inherited)";
				SWIFT_OPTIMIZATION_LEVEL = "-Onone";
				XROS_DEPLOYMENT_TARGET = 1.0;
			};
			name = Debug;
		};
		637CD83F2B87157D003287E7 /* Release */ = {
			isa = XCBuildConfiguration;
			buildSettings = {
				ALWAYS_SEARCH_USER_PATHS = NO;
				ASSETCATALOG_COMPILER_GENERATE_SWIFT_ASSET_SYMBOL_EXTENSIONS = YES;
				CLANG_ANALYZER_NONNULL = YES;
				CLANG_ANALYZER_NUMBER_OBJECT_CONVERSION = YES_AGGRESSIVE;
				CLANG_CXX_LANGUAGE_STANDARD = "gnu++20";
				CLANG_ENABLE_MODULES = YES;
				CLANG_ENABLE_OBJC_ARC = YES;
				CLANG_ENABLE_OBJC_WEAK = YES;
				CLANG_WARN_BLOCK_CAPTURE_AUTORELEASING = YES;
				CLANG_WARN_BOOL_CONVERSION = YES;
				CLANG_WARN_COMMA = YES;
				CLANG_WARN_CONSTANT_CONVERSION = YES;
				CLANG_WARN_DEPRECATED_OBJC_IMPLEMENTATIONS = YES;
				CLANG_WARN_DIRECT_OBJC_ISA_USAGE = YES_ERROR;
				CLANG_WARN_DOCUMENTATION_COMMENTS = YES;
				CLANG_WARN_EMPTY_BODY = YES;
				CLANG_WARN_ENUM_CONVERSION = YES;
				CLANG_WARN_INFINITE_RECURSION = YES;
				CLANG_WARN_INT_CONVERSION = YES;
				CLANG_WARN_NON_LITERAL_NULL_CONVERSION = YES;
				CLANG_WARN_OBJC_IMPLICIT_RETAIN_SELF = YES;
				CLANG_WARN_OBJC_LITERAL_CONVERSION = YES;
				CLANG_WARN_OBJC_ROOT_CLASS = YES_ERROR;
				CLANG_WARN_QUOTED_INCLUDE_IN_FRAMEWORK_HEADER = YES;
				CLANG_WARN_RANGE_LOOP_ANALYSIS = YES;
				CLANG_WARN_STRICT_PROTOTYPES = YES;
				CLANG_WARN_SUSPICIOUS_MOVE = YES;
				CLANG_WARN_UNGUARDED_AVAILABILITY = YES_AGGRESSIVE;
				CLANG_WARN_UNREACHABLE_CODE = YES;
				CLANG_WARN__DUPLICATE_METHOD_MATCH = YES;
				COPY_PHASE_STRIP = NO;
				DEBUG_INFORMATION_FORMAT = "dwarf-with-dsym";
				ENABLE_NS_ASSERTIONS = NO;
				ENABLE_STRICT_OBJC_MSGSEND = YES;
				ENABLE_USER_SCRIPT_SANDBOXING = YES;
				GCC_C_LANGUAGE_STANDARD = gnu17;
				GCC_NO_COMMON_BLOCKS = YES;
				GCC_WARN_64_TO_32_BIT_CONVERSION = YES;
				GCC_WARN_ABOUT_RETURN_TYPE = YES_ERROR;
				GCC_WARN_UNDECLARED_SELECTOR = YES;
				GCC_WARN_UNINITIALIZED_AUTOS = YES_AGGRESSIVE;
				GCC_WARN_UNUSED_FUNCTION = YES;
				GCC_WARN_UNUSED_VARIABLE = YES;
				LOCALIZATION_PREFERS_STRING_CATALOGS = YES;
				MTL_ENABLE_DEBUG_INFO = NO;
				MTL_FAST_MATH = YES;
				SDKROOT = xros;
				SWIFT_COMPILATION_MODE = wholemodule;
				VALIDATE_PRODUCT = YES;
				XROS_DEPLOYMENT_TARGET = 1.0;
			};
			name = Release;
		};
		637CD8412B87157D003287E7 /* Debug */ = {
			isa = XCBuildConfiguration;
			buildSettings = {
				ASSETCATALOG_COMPILER_APPICON_NAME = AppIcon;
				ASSETCATALOG_COMPILER_GLOBAL_ACCENT_COLOR_NAME = AccentColor;
				CODE_SIGN_STYLE = Automatic;
				CURRENT_PROJECT_VERSION = 1;
				DEVELOPMENT_ASSET_PATHS = "\"ImmersiveVideoPlayer/Preview Content\"";
				DEVELOPMENT_TEAM = 647FZYVR5Q;
				ENABLE_PREVIEWS = YES;
				GENERATE_INFOPLIST_FILE = YES;
				INFOPLIST_FILE = "$(TARGET_NAME)/Info.plist";
				LD_RUNPATH_SEARCH_PATHS = (
					"$(inherited)",
					"@executable_path/Frameworks",
				);
				MARKETING_VERSION = 1.0;
				PRODUCT_BUNDLE_IDENTIFIER = LSVR.ImmersiveVideoPlayer;
				PRODUCT_NAME = "$(TARGET_NAME)";
				SUPPORTED_PLATFORMS = "xros xrsimulator";
				SWIFT_EMIT_LOC_STRINGS = YES;
				SWIFT_VERSION = 5.0;
				TARGETED_DEVICE_FAMILY = "1,2,7";
			};
			name = Debug;
		};
		637CD8422B87157D003287E7 /* Release */ = {
			isa = XCBuildConfiguration;
			buildSettings = {
				ASSETCATALOG_COMPILER_APPICON_NAME = AppIcon;
				ASSETCATALOG_COMPILER_GLOBAL_ACCENT_COLOR_NAME = AccentColor;
				CODE_SIGN_STYLE = Automatic;
				CURRENT_PROJECT_VERSION = 1;
				DEVELOPMENT_ASSET_PATHS = "\"ImmersiveVideoPlayer/Preview Content\"";
				DEVELOPMENT_TEAM = 647FZYVR5Q;
				ENABLE_PREVIEWS = YES;
				GENERATE_INFOPLIST_FILE = YES;
				INFOPLIST_FILE = "$(TARGET_NAME)/Info.plist";
				LD_RUNPATH_SEARCH_PATHS = (
					"$(inherited)",
					"@executable_path/Frameworks",
				);
				MARKETING_VERSION = 1.0;
				PRODUCT_BUNDLE_IDENTIFIER = LSVR.ImmersiveVideoPlayer;
				PRODUCT_NAME = "$(TARGET_NAME)";
				SUPPORTED_PLATFORMS = "xros xrsimulator";
				SWIFT_EMIT_LOC_STRINGS = YES;
				SWIFT_VERSION = 5.0;
				TARGETED_DEVICE_FAMILY = "1,2,7";
			};
			name = Release;
		};
/* End XCBuildConfiguration section */

/* Begin XCConfigurationList section */
		637CD8242B87157C003287E7 /* Build configuration list for PBXProject "ImmersiveVideoPlayer" */ = {
			isa = XCConfigurationList;
			buildConfigurations = (
				637CD83E2B87157D003287E7 /* Debug */,
				637CD83F2B87157D003287E7 /* Release */,
			);
			defaultConfigurationIsVisible = 0;
			defaultConfigurationName = Release;
		};
		637CD8402B87157D003287E7 /* Build configuration list for PBXNativeTarget "ImmersiveVideoPlayer" */ = {
			isa = XCConfigurationList;
			buildConfigurations = (
				637CD8412B87157D003287E7 /* Debug */,
				637CD8422B87157D003287E7 /* Release */,
			);
			defaultConfigurationIsVisible = 0;
			defaultConfigurationName = Release;
		};
/* End XCConfigurationList section */

/* Begin XCSwiftPackageProductDependency section */
		637CD82E2B87157C003287E7 /* RealityKitContent */ = {
			isa = XCSwiftPackageProductDependency;
			productName = RealityKitContent;
		};
/* End XCSwiftPackageProductDependency section */
	};
	rootObject = 637CD8212B87157C003287E7 /* Project object */;
}
